// !$*UTF8*$!
{
	archiveVersion = 1;
	classes = {
	};
	objectVersion = 56;
	objects = {

/* Begin PBXBuildFile section */
		41F173AF2A925F5B00AA64CE /* DiscoveryApp.swift in Sources */ = {isa = PBXBuildFile; fileRef = 41F173AE2A925F5B00AA64CE /* DiscoveryApp.swift */; };
		41F173B12A925F5B00AA64CE /* HomeView.swift in Sources */ = {isa = PBXBuildFile; fileRef = 41F173B02A925F5B00AA64CE /* HomeView.swift */; };
		41F173B32A925F5D00AA64CE /* Assets.xcassets in Resources */ = {isa = PBXBuildFile; fileRef = 41F173B22A925F5D00AA64CE /* Assets.xcassets */; };
		41F173B72A925F5D00AA64CE /* Preview Assets.xcassets in Resources */ = {isa = PBXBuildFile; fileRef = 41F173B62A925F5D00AA64CE /* Preview Assets.xcassets */; };
		41F173C12A925F5E00AA64CE /* DiscoveryTests.swift in Sources */ = {isa = PBXBuildFile; fileRef = 41F173C02A925F5E00AA64CE /* DiscoveryTests.swift */; };
		41F173CB2A925F5E00AA64CE /* DiscoveryUITests.swift in Sources */ = {isa = PBXBuildFile; fileRef = 41F173CA2A925F5E00AA64CE /* DiscoveryUITests.swift */; };
		41F173CD2A925F5E00AA64CE /* DiscoveryUITestsLaunchTests.swift in Sources */ = {isa = PBXBuildFile; fileRef = 41F173CC2A925F5E00AA64CE /* DiscoveryUITestsLaunchTests.swift */; };
		41F173DB2A93D77900AA64CE /* DiscoveryCategoriesView.swift in Sources */ = {isa = PBXBuildFile; fileRef = 41F173DA2A93D77900AA64CE /* DiscoveryCategoriesView.swift */; };
		41F173DD2A948D2F00AA64CE /* PopularDestinationView.swift in Sources */ = {isa = PBXBuildFile; fileRef = 41F173DC2A948D2F00AA64CE /* PopularDestinationView.swift */; };
		41F173DF2A948DC400AA64CE /* RestaurantView.swift in Sources */ = {isa = PBXBuildFile; fileRef = 41F173DE2A948DC400AA64CE /* RestaurantView.swift */; };
		41F173E12A948E1A00AA64CE /* TrendingCreatersView.swift in Sources */ = {isa = PBXBuildFile; fileRef = 41F173E02A948E1A00AA64CE /* TrendingCreatersView.swift */; };
		41F173E52A948ECC00AA64CE /* Category.swift in Sources */ = {isa = PBXBuildFile; fileRef = 41F173E42A948ECC00AA64CE /* Category.swift */; };
		41F173E92A948F1300AA64CE /* Place.swift in Sources */ = {isa = PBXBuildFile; fileRef = 41F173E82A948F1300AA64CE /* Place.swift */; };
		41F173EB2A948F2900AA64CE /* Restaurant.swift in Sources */ = {isa = PBXBuildFile; fileRef = 41F173EA2A948F2900AA64CE /* Restaurant.swift */; };
		41F173ED2A948F3900AA64CE /* User.swift in Sources */ = {isa = PBXBuildFile; fileRef = 41F173EC2A948F3900AA64CE /* User.swift */; };
		41F173F02A94941F00AA64CE /* TileModifier.swift in Sources */ = {isa = PBXBuildFile; fileRef = 41F173EF2A94941F00AA64CE /* TileModifier.swift */; };
/* End PBXBuildFile section */

/* Begin PBXContainerItemProxy section */
		41F173BD2A925F5E00AA64CE /* PBXContainerItemProxy */ = {
			isa = PBXContainerItemProxy;
			containerPortal = 41F173A32A925F5B00AA64CE /* Project object */;
			proxyType = 1;
			remoteGlobalIDString = 41F173AA2A925F5B00AA64CE;
			remoteInfo = Discovery;
		};
		41F173C72A925F5E00AA64CE /* PBXContainerItemProxy */ = {
			isa = PBXContainerItemProxy;
			containerPortal = 41F173A32A925F5B00AA64CE /* Project object */;
			proxyType = 1;
			remoteGlobalIDString = 41F173AA2A925F5B00AA64CE;
			remoteInfo = Discovery;
		};
/* End PBXContainerItemProxy section */

/* Begin PBXFileReference section */
		41F173AB2A925F5B00AA64CE /* Discovery.app */ = {isa = PBXFileReference; explicitFileType = wrapper.application; includeInIndex = 0; path = Discovery.app; sourceTree = BUILT_PRODUCTS_DIR; };
		41F173AE2A925F5B00AA64CE /* DiscoveryApp.swift */ = {isa = PBXFileReference; lastKnownFileType = sourcecode.swift; path = DiscoveryApp.swift; sourceTree = "<group>"; };
		41F173B02A925F5B00AA64CE /* HomeView.swift */ = {isa = PBXFileReference; lastKnownFileType = sourcecode.swift; path = HomeView.swift; sourceTree = "<group>"; };
		41F173B22A925F5D00AA64CE /* Assets.xcassets */ = {isa = PBXFileReference; lastKnownFileType = folder.assetcatalog; path = Assets.xcassets; sourceTree = "<group>"; };
		41F173B42A925F5D00AA64CE /* Discovery.entitlements */ = {isa = PBXFileReference; lastKnownFileType = text.plist.entitlements; path = Discovery.entitlements; sourceTree = "<group>"; };
		41F173B62A925F5D00AA64CE /* Preview Assets.xcassets */ = {isa = PBXFileReference; lastKnownFileType = folder.assetcatalog; path = "Preview Assets.xcassets"; sourceTree = "<group>"; };
		41F173BC2A925F5E00AA64CE /* DiscoveryTests.xctest */ = {isa = PBXFileReference; explicitFileType = wrapper.cfbundle; includeInIndex = 0; path = DiscoveryTests.xctest; sourceTree = BUILT_PRODUCTS_DIR; };
		41F173C02A925F5E00AA64CE /* DiscoveryTests.swift */ = {isa = PBXFileReference; lastKnownFileType = sourcecode.swift; path = DiscoveryTests.swift; sourceTree = "<group>"; };
		41F173C62A925F5E00AA64CE /* DiscoveryUITests.xctest */ = {isa = PBXFileReference; explicitFileType = wrapper.cfbundle; includeInIndex = 0; path = DiscoveryUITests.xctest; sourceTree = BUILT_PRODUCTS_DIR; };
		41F173CA2A925F5E00AA64CE /* DiscoveryUITests.swift */ = {isa = PBXFileReference; lastKnownFileType = sourcecode.swift; path = DiscoveryUITests.swift; sourceTree = "<group>"; };
		41F173CC2A925F5E00AA64CE /* DiscoveryUITestsLaunchTests.swift */ = {isa = PBXFileReference; lastKnownFileType = sourcecode.swift; path = DiscoveryUITestsLaunchTests.swift; sourceTree = "<group>"; };
		41F173DA2A93D77900AA64CE /* DiscoveryCategoriesView.swift */ = {isa = PBXFileReference; lastKnownFileType = sourcecode.swift; path = DiscoveryCategoriesView.swift; sourceTree = "<group>"; };
		41F173DC2A948D2F00AA64CE /* PopularDestinationView.swift */ = {isa = PBXFileReference; lastKnownFileType = sourcecode.swift; path = PopularDestinationView.swift; sourceTree = "<group>"; };
		41F173DE2A948DC400AA64CE /* RestaurantView.swift */ = {isa = PBXFileReference; lastKnownFileType = sourcecode.swift; path = RestaurantView.swift; sourceTree = "<group>"; };
		41F173E02A948E1A00AA64CE /* TrendingCreatersView.swift */ = {isa = PBXFileReference; lastKnownFileType = sourcecode.swift; path = TrendingCreatersView.swift; sourceTree = "<group>"; };
		41F173E42A948ECC00AA64CE /* Category.swift */ = {isa = PBXFileReference; lastKnownFileType = sourcecode.swift; path = Category.swift; sourceTree = "<group>"; };
		41F173E82A948F1300AA64CE /* Place.swift */ = {isa = PBXFileReference; lastKnownFileType = sourcecode.swift; path = Place.swift; sourceTree = "<group>"; };
		41F173EA2A948F2900AA64CE /* Restaurant.swift */ = {isa = PBXFileReference; lastKnownFileType = sourcecode.swift; path = Restaurant.swift; sourceTree = "<group>"; };
		41F173EC2A948F3900AA64CE /* User.swift */ = {isa = PBXFileReference; lastKnownFileType = sourcecode.swift; path = User.swift; sourceTree = "<group>"; };
		41F173EF2A94941F00AA64CE /* TileModifier.swift */ = {isa = PBXFileReference; lastKnownFileType = sourcecode.swift; path = TileModifier.swift; sourceTree = "<group>"; };
/* End PBXFileReference section */

/* Begin PBXFrameworksBuildPhase section */
		41F173A82A925F5B00AA64CE /* Frameworks */ = {
			isa = PBXFrameworksBuildPhase;
			buildActionMask = 2147483647;
			files = (
			);
			runOnlyForDeploymentPostprocessing = 0;
		};
		41F173B92A925F5E00AA64CE /* Frameworks */ = {
			isa = PBXFrameworksBuildPhase;
			buildActionMask = 2147483647;
			files = (
			);
			runOnlyForDeploymentPostprocessing = 0;
		};
		41F173C32A925F5E00AA64CE /* Frameworks */ = {
			isa = PBXFrameworksBuildPhase;
			buildActionMask = 2147483647;
			files = (
			);
			runOnlyForDeploymentPostprocessing = 0;
		};
/* End PBXFrameworksBuildPhase section */

/* Begin PBXGroup section */
		41F173A22A925F5B00AA64CE = {
			isa = PBXGroup;
			children = (
				41F173AD2A925F5B00AA64CE /* Discovery */,
				41F173BF2A925F5E00AA64CE /* DiscoveryTests */,
				41F173C92A925F5E00AA64CE /* DiscoveryUITests */,
				41F173AC2A925F5B00AA64CE /* Products */,
			);
			sourceTree = "<group>";
		};
		41F173AC2A925F5B00AA64CE /* Products */ = {
			isa = PBXGroup;
			children = (
				41F173AB2A925F5B00AA64CE /* Discovery.app */,
				41F173BC2A925F5E00AA64CE /* DiscoveryTests.xctest */,
				41F173C62A925F5E00AA64CE /* DiscoveryUITests.xctest */,
			);
			name = Products;
			sourceTree = "<group>";
		};
		41F173AD2A925F5B00AA64CE /* Discovery */ = {
			isa = PBXGroup;
			children = (
				41F173EE2A9493F800AA64CE /* utils */,
				41F173E32A948E9500AA64CE /* models */,
				41F173D92A93D60600AA64CE /* home */,
				41F173AE2A925F5B00AA64CE /* DiscoveryApp.swift */,
				41F173B22A925F5D00AA64CE /* Assets.xcassets */,
				41F173B42A925F5D00AA64CE /* Discovery.entitlements */,
				41F173B52A925F5D00AA64CE /* Preview Content */,
			);
			path = Discovery;
			sourceTree = "<group>";
		};
		41F173B52A925F5D00AA64CE /* Preview Content */ = {
			isa = PBXGroup;
			children = (
				41F173B62A925F5D00AA64CE /* Preview Assets.xcassets */,
			);
			path = "Preview Content";
			sourceTree = "<group>";
		};
		41F173BF2A925F5E00AA64CE /* DiscoveryTests */ = {
			isa = PBXGroup;
			children = (
				41F173C02A925F5E00AA64CE /* DiscoveryTests.swift */,
			);
			path = DiscoveryTests;
			sourceTree = "<group>";
		};
		41F173C92A925F5E00AA64CE /* DiscoveryUITests */ = {
			isa = PBXGroup;
			children = (
				41F173CA2A925F5E00AA64CE /* DiscoveryUITests.swift */,
				41F173CC2A925F5E00AA64CE /* DiscoveryUITestsLaunchTests.swift */,
			);
			path = DiscoveryUITests;
			sourceTree = "<group>";
		};
		41F173D92A93D60600AA64CE /* home */ = {
			isa = PBXGroup;
			children = (
				41F173B02A925F5B00AA64CE /* HomeView.swift */,
				41F173DA2A93D77900AA64CE /* DiscoveryCategoriesView.swift */,
				41F173DC2A948D2F00AA64CE /* PopularDestinationView.swift */,
				41F173DE2A948DC400AA64CE /* RestaurantView.swift */,
				41F173E02A948E1A00AA64CE /* TrendingCreatersView.swift */,
			);
			path = home;
			sourceTree = "<group>";
		};
		41F173E32A948E9500AA64CE /* models */ = {
			isa = PBXGroup;
			children = (
				41F173E42A948ECC00AA64CE /* Category.swift */,
				41F173E82A948F1300AA64CE /* Place.swift */,
				41F173EA2A948F2900AA64CE /* Restaurant.swift */,
				41F173EC2A948F3900AA64CE /* User.swift */,
			);
			path = models;
			sourceTree = "<group>";
		};
		41F173EE2A9493F800AA64CE /* utils */ = {
			isa = PBXGroup;
			children = (
				41F173EF2A94941F00AA64CE /* TileModifier.swift */,
			);
			path = utils;
			sourceTree = "<group>";
		};
/* End PBXGroup section */

/* Begin PBXNativeTarget section */
		41F173AA2A925F5B00AA64CE /* Discovery */ = {
			isa = PBXNativeTarget;
			buildConfigurationList = 41F173D02A925F5E00AA64CE /* Build configuration list for PBXNativeTarget "Discovery" */;
			buildPhases = (
				41F173A72A925F5B00AA64CE /* Sources */,
				41F173A82A925F5B00AA64CE /* Frameworks */,
				41F173A92A925F5B00AA64CE /* Resources */,
			);
			buildRules = (
			);
			dependencies = (
			);
			name = Discovery;
			productName = Discovery;
			productReference = 41F173AB2A925F5B00AA64CE /* Discovery.app */;
			productType = "com.apple.product-type.application";
		};
		41F173BB2A925F5E00AA64CE /* DiscoveryTests */ = {
			isa = PBXNativeTarget;
			buildConfigurationList = 41F173D32A925F5E00AA64CE /* Build configuration list for PBXNativeTarget "DiscoveryTests" */;
			buildPhases = (
				41F173B82A925F5E00AA64CE /* Sources */,
				41F173B92A925F5E00AA64CE /* Frameworks */,
				41F173BA2A925F5E00AA64CE /* Resources */,
			);
			buildRules = (
			);
			dependencies = (
				41F173BE2A925F5E00AA64CE /* PBXTargetDependency */,
			);
			name = DiscoveryTests;
			productName = DiscoveryTests;
			productReference = 41F173BC2A925F5E00AA64CE /* DiscoveryTests.xctest */;
			productType = "com.apple.product-type.bundle.unit-test";
		};
		41F173C52A925F5E00AA64CE /* DiscoveryUITests */ = {
			isa = PBXNativeTarget;
			buildConfigurationList = 41F173D62A925F5E00AA64CE /* Build configuration list for PBXNativeTarget "DiscoveryUITests" */;
			buildPhases = (
				41F173C22A925F5E00AA64CE /* Sources */,
				41F173C32A925F5E00AA64CE /* Frameworks */,
				41F173C42A925F5E00AA64CE /* Resources */,
			);
			buildRules = (
			);
			dependencies = (
				41F173C82A925F5E00AA64CE /* PBXTargetDependency */,
			);
			name = DiscoveryUITests;
			productName = DiscoveryUITests;
			productReference = 41F173C62A925F5E00AA64CE /* DiscoveryUITests.xctest */;
			productType = "com.apple.product-type.bundle.ui-testing";
		};
/* End PBXNativeTarget section */

/* Begin PBXProject section */
		41F173A32A925F5B00AA64CE /* Project object */ = {
			isa = PBXProject;
			attributes = {
				BuildIndependentTargetsInParallel = 1;
				LastSwiftUpdateCheck = 1430;
				LastUpgradeCheck = 1430;
				TargetAttributes = {
					41F173AA2A925F5B00AA64CE = {
						CreatedOnToolsVersion = 14.3.1;
					};
					41F173BB2A925F5E00AA64CE = {
						CreatedOnToolsVersion = 14.3.1;
						TestTargetID = 41F173AA2A925F5B00AA64CE;
					};
					41F173C52A925F5E00AA64CE = {
						CreatedOnToolsVersion = 14.3.1;
						TestTargetID = 41F173AA2A925F5B00AA64CE;
					};
				};
			};
			buildConfigurationList = 41F173A62A925F5B00AA64CE /* Build configuration list for PBXProject "Discovery" */;
			compatibilityVersion = "Xcode 14.0";
			developmentRegion = en;
			hasScannedForEncodings = 0;
			knownRegions = (
				en,
				Base,
			);
			mainGroup = 41F173A22A925F5B00AA64CE;
			productRefGroup = 41F173AC2A925F5B00AA64CE /* Products */;
			projectDirPath = "";
			projectRoot = "";
			targets = (
				41F173AA2A925F5B00AA64CE /* Discovery */,
				41F173BB2A925F5E00AA64CE /* DiscoveryTests */,
				41F173C52A925F5E00AA64CE /* DiscoveryUITests */,
			);
		};
/* End PBXProject section */

/* Begin PBXResourcesBuildPhase section */
		41F173A92A925F5B00AA64CE /* Resources */ = {
			isa = PBXResourcesBuildPhase;
			buildActionMask = 2147483647;
			files = (
				41F173B72A925F5D00AA64CE /* Preview Assets.xcassets in Resources */,
				41F173B32A925F5D00AA64CE /* Assets.xcassets in Resources */,
			);
			runOnlyForDeploymentPostprocessing = 0;
		};
		41F173BA2A925F5E00AA64CE /* Resources */ = {
			isa = PBXResourcesBuildPhase;
			buildActionMask = 2147483647;
			files = (
			);
			runOnlyForDeploymentPostprocessing = 0;
		};
		41F173C42A925F5E00AA64CE /* Resources */ = {
			isa = PBXResourcesBuildPhase;
			buildActionMask = 2147483647;
			files = (
			);
			runOnlyForDeploymentPostprocessing = 0;
		};
/* End PBXResourcesBuildPhase section */

/* Begin PBXSourcesBuildPhase section */
		41F173A72A925F5B00AA64CE /* Sources */ = {
			isa = PBXSourcesBuildPhase;
			buildActionMask = 2147483647;
			files = (
				41F173B12A925F5B00AA64CE /* HomeView.swift in Sources */,
				41F173F02A94941F00AA64CE /* TileModifier.swift in Sources */,
				41F173DB2A93D77900AA64CE /* DiscoveryCategoriesView.swift in Sources */,
				41F173E12A948E1A00AA64CE /* TrendingCreatersView.swift in Sources */,
				41F173E92A948F1300AA64CE /* Place.swift in Sources */,
				41F173AF2A925F5B00AA64CE /* DiscoveryApp.swift in Sources */,
				41F173DF2A948DC400AA64CE /* RestaurantView.swift in Sources */,
				41F173DD2A948D2F00AA64CE /* PopularDestinationView.swift in Sources */,
				41F173E52A948ECC00AA64CE /* Category.swift in Sources */,
				41F173ED2A948F3900AA64CE /* User.swift in Sources */,
				41F173EB2A948F2900AA64CE /* Restaurant.swift in Sources */,
			);
			runOnlyForDeploymentPostprocessing = 0;
		};
		41F173B82A925F5E00AA64CE /* Sources */ = {
			isa = PBXSourcesBuildPhase;
			buildActionMask = 2147483647;
			files = (
				41F173C12A925F5E00AA64CE /* DiscoveryTests.swift in Sources */,
			);
			runOnlyForDeploymentPostprocessing = 0;
		};
		41F173C22A925F5E00AA64CE /* Sources */ = {
			isa = PBXSourcesBuildPhase;
			buildActionMask = 2147483647;
			files = (
				41F173CB2A925F5E00AA64CE /* DiscoveryUITests.swift in Sources */,
				41F173CD2A925F5E00AA64CE /* DiscoveryUITestsLaunchTests.swift in Sources */,
			);
			runOnlyForDeploymentPostprocessing = 0;
		};
/* End PBXSourcesBuildPhase section */

/* Begin PBXTargetDependency section */
		41F173BE2A925F5E00AA64CE /* PBXTargetDependency */ = {
			isa = PBXTargetDependency;
			target = 41F173AA2A925F5B00AA64CE /* Discovery */;
			targetProxy = 41F173BD2A925F5E00AA64CE /* PBXContainerItemProxy */;
		};
		41F173C82A925F5E00AA64CE /* PBXTargetDependency */ = {
			isa = PBXTargetDependency;
			target = 41F173AA2A925F5B00AA64CE /* Discovery */;
			targetProxy = 41F173C72A925F5E00AA64CE /* PBXContainerItemProxy */;
		};
/* End PBXTargetDependency section */

/* Begin XCBuildConfiguration section */
		41F173CE2A925F5E00AA64CE /* Debug */ = {
			isa = XCBuildConfiguration;
			buildSettings = {
				ALWAYS_SEARCH_USER_PATHS = NO;
				CLANG_ANALYZER_NONNULL = YES;
				CLANG_ANALYZER_NUMBER_OBJECT_CONVERSION = YES_AGGRESSIVE;
				CLANG_CXX_LANGUAGE_STANDARD = "gnu++20";
				CLANG_ENABLE_MODULES = YES;
				CLANG_ENABLE_OBJC_ARC = YES;
				CLANG_ENABLE_OBJC_WEAK = YES;
				CLANG_WARN_BLOCK_CAPTURE_AUTORELEASING = YES;
				CLANG_WARN_BOOL_CONVERSION = YES;
				CLANG_WARN_COMMA = YES;
				CLANG_WARN_CONSTANT_CONVERSION = YES;
				CLANG_WARN_DEPRECATED_OBJC_IMPLEMENTATIONS = YES;
				CLANG_WARN_DIRECT_OBJC_ISA_USAGE = YES_ERROR;
				CLANG_WARN_DOCUMENTATION_COMMENTS = YES;
				CLANG_WARN_EMPTY_BODY = YES;
				CLANG_WARN_ENUM_CONVERSION = YES;
				CLANG_WARN_INFINITE_RECURSION = YES;
				CLANG_WARN_INT_CONVERSION = YES;
				CLANG_WARN_NON_LITERAL_NULL_CONVERSION = YES;
				CLANG_WARN_OBJC_IMPLICIT_RETAIN_SELF = YES;
				CLANG_WARN_OBJC_LITERAL_CONVERSION = YES;
				CLANG_WARN_OBJC_ROOT_CLASS = YES_ERROR;
				CLANG_WARN_QUOTED_INCLUDE_IN_FRAMEWORK_HEADER = YES;
				CLANG_WARN_RANGE_LOOP_ANALYSIS = YES;
				CLANG_WARN_STRICT_PROTOTYPES = YES;
				CLANG_WARN_SUSPICIOUS_MOVE = YES;
				CLANG_WARN_UNGUARDED_AVAILABILITY = YES_AGGRESSIVE;
				CLANG_WARN_UNREACHABLE_CODE = YES;
				CLANG_WARN__DUPLICATE_METHOD_MATCH = YES;
				COPY_PHASE_STRIP = NO;
				DEBUG_INFORMATION_FORMAT = dwarf;
				ENABLE_STRICT_OBJC_MSGSEND = YES;
				ENABLE_TESTABILITY = YES;
				GCC_C_LANGUAGE_STANDARD = gnu11;
				GCC_DYNAMIC_NO_PIC = NO;
				GCC_NO_COMMON_BLOCKS = YES;
				GCC_OPTIMIZATION_LEVEL = 0;
				GCC_PREPROCESSOR_DEFINITIONS = (
					"DEBUG=1",
					"$(inherited)",
				);
				GCC_WARN_64_TO_32_BIT_CONVERSION = YES;
				GCC_WARN_ABOUT_RETURN_TYPE = YES_ERROR;
				GCC_WARN_UNDECLARED_SELECTOR = YES;
				GCC_WARN_UNINITIALIZED_AUTOS = YES_AGGRESSIVE;
				GCC_WARN_UNUSED_FUNCTION = YES;
				GCC_WARN_UNUSED_VARIABLE = YES;
				MTL_ENABLE_DEBUG_INFO = INCLUDE_SOURCE;
				MTL_FAST_MATH = YES;
				ONLY_ACTIVE_ARCH = YES;
				SWIFT_ACTIVE_COMPILATION_CONDITIONS = DEBUG;
				SWIFT_OPTIMIZATION_LEVEL = "-Onone";
			};
			name = Debug;
		};
		41F173CF2A925F5E00AA64CE /* Release */ = {
			isa = XCBuildConfiguration;
			buildSettings = {
				ALWAYS_SEARCH_USER_PATHS = NO;
				CLANG_ANALYZER_NONNULL = YES;
				CLANG_ANALYZER_NUMBER_OBJECT_CONVERSION = YES_AGGRESSIVE;
				CLANG_CXX_LANGUAGE_STANDARD = "gnu++20";
				CLANG_ENABLE_MODULES = YES;
				CLANG_ENABLE_OBJC_ARC = YES;
				CLANG_ENABLE_OBJC_WEAK = YES;
				CLANG_WARN_BLOCK_CAPTURE_AUTORELEASING = YES;
				CLANG_WARN_BOOL_CONVERSION = YES;
				CLANG_WARN_COMMA = YES;
				CLANG_WARN_CONSTANT_CONVERSION = YES;
				CLANG_WARN_DEPRECATED_OBJC_IMPLEMENTATIONS = YES;
				CLANG_WARN_DIRECT_OBJC_ISA_USAGE = YES_ERROR;
				CLANG_WARN_DOCUMENTATION_COMMENTS = YES;
				CLANG_WARN_EMPTY_BODY = YES;
				CLANG_WARN_ENUM_CONVERSION = YES;
				CLANG_WARN_INFINITE_RECURSION = YES;
				CLANG_WARN_INT_CONVERSION = YES;
				CLANG_WARN_NON_LITERAL_NULL_CONVERSION = YES;
				CLANG_WARN_OBJC_IMPLICIT_RETAIN_SELF = YES;
				CLANG_WARN_OBJC_LITERAL_CONVERSION = YES;
				CLANG_WARN_OBJC_ROOT_CLASS = YES_ERROR;
				CLANG_WARN_QUOTED_INCLUDE_IN_FRAMEWORK_HEADER = YES;
				CLANG_WARN_RANGE_LOOP_ANALYSIS = YES;
				CLANG_WARN_STRICT_PROTOTYPES = YES;
				CLANG_WARN_SUSPICIOUS_MOVE = YES;
				CLANG_WARN_UNGUARDED_AVAILABILITY = YES_AGGRESSIVE;
				CLANG_WARN_UNREACHABLE_CODE = YES;
				CLANG_WARN__DUPLICATE_METHOD_MATCH = YES;
				COPY_PHASE_STRIP = NO;
				DEBUG_INFORMATION_FORMAT = "dwarf-with-dsym";
				ENABLE_NS_ASSERTIONS = NO;
				ENABLE_STRICT_OBJC_MSGSEND = YES;
				GCC_C_LANGUAGE_STANDARD = gnu11;
				GCC_NO_COMMON_BLOCKS = YES;
				GCC_WARN_64_TO_32_BIT_CONVERSION = YES;
				GCC_WARN_ABOUT_RETURN_TYPE = YES_ERROR;
				GCC_WARN_UNDECLARED_SELECTOR = YES;
				GCC_WARN_UNINITIALIZED_AUTOS = YES_AGGRESSIVE;
				GCC_WARN_UNUSED_FUNCTION = YES;
				GCC_WARN_UNUSED_VARIABLE = YES;
				MTL_ENABLE_DEBUG_INFO = NO;
				MTL_FAST_MATH = YES;
				SWIFT_COMPILATION_MODE = wholemodule;
				SWIFT_OPTIMIZATION_LEVEL = "-O";
			};
			name = Release;
		};
		41F173D12A925F5E00AA64CE /* Debug */ = {
			isa = XCBuildConfiguration;
			buildSettings = {
				ASSETCATALOG_COMPILER_APPICON_NAME = AppIcon;
				ASSETCATALOG_COMPILER_GLOBAL_ACCENT_COLOR_NAME = AccentColor;
				CODE_SIGN_ENTITLEMENTS = Discovery/Discovery.entitlements;
				CODE_SIGN_STYLE = Automatic;
				CURRENT_PROJECT_VERSION = 1;
				DEVELOPMENT_ASSET_PATHS = "\"Discovery/Preview Content\"";
				ENABLE_PREVIEWS = YES;
				GENERATE_INFOPLIST_FILE = YES;
				"INFOPLIST_KEY_UIApplicationSceneManifest_Generation[sdk=iphoneos*]" = YES;
				"INFOPLIST_KEY_UIApplicationSceneManifest_Generation[sdk=iphonesimulator*]" = YES;
				"INFOPLIST_KEY_UIApplicationSupportsIndirectInputEvents[sdk=iphoneos*]" = YES;
				"INFOPLIST_KEY_UIApplicationSupportsIndirectInputEvents[sdk=iphonesimulator*]" = YES;
				"INFOPLIST_KEY_UILaunchScreen_Generation[sdk=iphoneos*]" = YES;
				"INFOPLIST_KEY_UILaunchScreen_Generation[sdk=iphonesimulator*]" = YES;
				"INFOPLIST_KEY_UIStatusBarStyle[sdk=iphoneos*]" = UIStatusBarStyleDefault;
				"INFOPLIST_KEY_UIStatusBarStyle[sdk=iphonesimulator*]" = UIStatusBarStyleDefault;
				INFOPLIST_KEY_UISupportedInterfaceOrientations_iPad = "UIInterfaceOrientationPortrait UIInterfaceOrientationPortraitUpsideDown UIInterfaceOrientationLandscapeLeft UIInterfaceOrientationLandscapeRight";
				INFOPLIST_KEY_UISupportedInterfaceOrientations_iPhone = "UIInterfaceOrientationPortrait UIInterfaceOrientationLandscapeLeft UIInterfaceOrientationLandscapeRight";
				IPHONEOS_DEPLOYMENT_TARGET = 16.4;
				LD_RUNPATH_SEARCH_PATHS = "@executable_path/Frameworks";
				"LD_RUNPATH_SEARCH_PATHS[sdk=macosx*]" = "@executable_path/../Frameworks";
				MACOSX_DEPLOYMENT_TARGET = 13.1;
				MARKETING_VERSION = 1.0;
				PRODUCT_BUNDLE_IDENTIFIER = haseeborg.Discovery;
				PRODUCT_NAME = "$(TARGET_NAME)";
				SDKROOT = auto;
				SUPPORTED_PLATFORMS = "iphoneos iphonesimulator macosx";
				SWIFT_EMIT_LOC_STRINGS = YES;
				SWIFT_VERSION = 5.0;
				TARGETED_DEVICE_FAMILY = "1,2";
			};
			name = Debug;
		};
		41F173D22A925F5E00AA64CE /* Release */ = {
			isa = XCBuildConfiguration;
			buildSettings = {
				ASSETCATALOG_COMPILER_APPICON_NAME = AppIcon;
				ASSETCATALOG_COMPILER_GLOBAL_ACCENT_COLOR_NAME = AccentColor;
				CODE_SIGN_ENTITLEMENTS = Discovery/Discovery.entitlements;
				CODE_SIGN_STYLE = Automatic;
				CURRENT_PROJECT_VERSION = 1;
				DEVELOPMENT_ASSET_PATHS = "\"Discovery/Preview Content\"";
				ENABLE_PREVIEWS = YES;
				GENERATE_INFOPLIST_FILE = YES;
				"INFOPLIST_KEY_UIApplicationSceneManifest_Generation[sdk=iphoneos*]" = YES;
				"INFOPLIST_KEY_UIApplicationSceneManifest_Generation[sdk=iphonesimulator*]" = YES;
				"INFOPLIST_KEY_UIApplicationSupportsIndirectInputEvents[sdk=iphoneos*]" = YES;
				"INFOPLIST_KEY_UIApplicationSupportsIndirectInputEvents[sdk=iphonesimulator*]" = YES;
				"INFOPLIST_KEY_UILaunchScreen_Generation[sdk=iphoneos*]" = YES;
				"INFOPLIST_KEY_UILaunchScreen_Generation[sdk=iphonesimulator*]" = YES;
				"INFOPLIST_KEY_UIStatusBarStyle[sdk=iphoneos*]" = UIStatusBarStyleDefault;
				"INFOPLIST_KEY_UIStatusBarStyle[sdk=iphonesimulator*]" = UIStatusBarStyleDefault;
				INFOPLIST_KEY_UISupportedInterfaceOrientations_iPad = "UIInterfaceOrientationPortrait UIInterfaceOrientationPortraitUpsideDown UIInterfaceOrientationLandscapeLeft UIInterfaceOrientationLandscapeRight";
				INFOPLIST_KEY_UISupportedInterfaceOrientations_iPhone = "UIInterfaceOrientationPortrait UIInterfaceOrientationLandscapeLeft UIInterfaceOrientationLandscapeRight";
				IPHONEOS_DEPLOYMENT_TARGET = 16.4;
				LD_RUNPATH_SEARCH_PATHS = "@executable_path/Frameworks";
				"LD_RUNPATH_SEARCH_PATHS[sdk=macosx*]" = "@executable_path/../Frameworks";
				MACOSX_DEPLOYMENT_TARGET = 13.1;
				MARKETING_VERSION = 1.0;
				PRODUCT_BUNDLE_IDENTIFIER = haseeborg.Discovery;
				PRODUCT_NAME = "$(TARGET_NAME)";
				SDKROOT = auto;
				SUPPORTED_PLATFORMS = "iphoneos iphonesimulator macosx";
				SWIFT_EMIT_LOC_STRINGS = YES;
				SWIFT_VERSION = 5.0;
				TARGETED_DEVICE_FAMILY = "1,2";
			};
			name = Release;
		};
		41F173D42A925F5E00AA64CE /* Debug */ = {
			isa = XCBuildConfiguration;
			buildSettings = {
				ALWAYS_EMBED_SWIFT_STANDARD_LIBRARIES = YES;
				BUNDLE_LOADER = "$(TEST_HOST)";
				CODE_SIGN_STYLE = Automatic;
				CURRENT_PROJECT_VERSION = 1;
				GENERATE_INFOPLIST_FILE = YES;
				IPHONEOS_DEPLOYMENT_TARGET = 16.4;
				MACOSX_DEPLOYMENT_TARGET = 13.1;
				MARKETING_VERSION = 1.0;
				PRODUCT_BUNDLE_IDENTIFIER = haseeborg.DiscoveryTests;
				PRODUCT_NAME = "$(TARGET_NAME)";
				SDKROOT = auto;
				SUPPORTED_PLATFORMS = "iphoneos iphonesimulator macosx";
				SWIFT_EMIT_LOC_STRINGS = NO;
				SWIFT_VERSION = 5.0;
				TARGETED_DEVICE_FAMILY = "1,2";
				TEST_HOST = "$(BUILT_PRODUCTS_DIR)/Discovery.app/$(BUNDLE_EXECUTABLE_FOLDER_PATH)/Discovery";
			};
			name = Debug;
		};
		41F173D52A925F5E00AA64CE /* Release */ = {
			isa = XCBuildConfiguration;
			buildSettings = {
				ALWAYS_EMBED_SWIFT_STANDARD_LIBRARIES = YES;
				BUNDLE_LOADER = "$(TEST_HOST)";
				CODE_SIGN_STYLE = Automatic;
				CURRENT_PROJECT_VERSION = 1;
				GENERATE_INFOPLIST_FILE = YES;
				IPHONEOS_DEPLOYMENT_TARGET = 16.4;
				MACOSX_DEPLOYMENT_TARGET = 13.1;
				MARKETING_VERSION = 1.0;
				PRODUCT_BUNDLE_IDENTIFIER = haseeborg.DiscoveryTests;
				PRODUCT_NAME = "$(TARGET_NAME)";
				SDKROOT = auto;
				SUPPORTED_PLATFORMS = "iphoneos iphonesimulator macosx";
				SWIFT_EMIT_LOC_STRINGS = NO;
				SWIFT_VERSION = 5.0;
				TARGETED_DEVICE_FAMILY = "1,2";
				TEST_HOST = "$(BUILT_PRODUCTS_DIR)/Discovery.app/$(BUNDLE_EXECUTABLE_FOLDER_PATH)/Discovery";
			};
			name = Release;
		};
		41F173D72A925F5E00AA64CE /* Debug */ = {
			isa = XCBuildConfiguration;
			buildSettings = {
				ALWAYS_EMBED_SWIFT_STANDARD_LIBRARIES = YES;
				CODE_SIGN_STYLE = Automatic;
				CURRENT_PROJECT_VERSION = 1;
				GENERATE_INFOPLIST_FILE = YES;
				IPHONEOS_DEPLOYMENT_TARGET = 16.4;
				MACOSX_DEPLOYMENT_TARGET = 13.1;
				MARKETING_VERSION = 1.0;
				PRODUCT_BUNDLE_IDENTIFIER = haseeborg.DiscoveryUITests;
				PRODUCT_NAME = "$(TARGET_NAME)";
				SDKROOT = auto;
				SUPPORTED_PLATFORMS = "iphoneos iphonesimulator macosx";
				SWIFT_EMIT_LOC_STRINGS = NO;
				SWIFT_VERSION = 5.0;
				TARGETED_DEVICE_FAMILY = "1,2";
				TEST_TARGET_NAME = Discovery;
			};
			name = Debug;
		};
		41F173D82A925F5E00AA64CE /* Release */ = {
			isa = XCBuildConfiguration;
			buildSettings = {
				ALWAYS_EMBED_SWIFT_STANDARD_LIBRARIES = YES;
				CODE_SIGN_STYLE = Automatic;
				CURRENT_PROJECT_VERSION = 1;
				GENERATE_INFOPLIST_FILE = YES;
				IPHONEOS_DEPLOYMENT_TARGET = 16.4;
				MACOSX_DEPLOYMENT_TARGET = 13.1;
				MARKETING_VERSION = 1.0;
				PRODUCT_BUNDLE_IDENTIFIER = haseeborg.DiscoveryUITests;
				PRODUCT_NAME = "$(TARGET_NAME)";
				SDKROOT = auto;
				SUPPORTED_PLATFORMS = "iphoneos iphonesimulator macosx";
				SWIFT_EMIT_LOC_STRINGS = NO;
				SWIFT_VERSION = 5.0;
				TARGETED_DEVICE_FAMILY = "1,2";
				TEST_TARGET_NAME = Discovery;
			};
			name = Release;
		};
/* End XCBuildConfiguration section */

/* Begin XCConfigurationList section */
		41F173A62A925F5B00AA64CE /* Build configuration list for PBXProject "Discovery" */ = {
			isa = XCConfigurationList;
			buildConfigurations = (
				41F173CE2A925F5E00AA64CE /* Debug */,
				41F173CF2A925F5E00AA64CE /* Release */,
			);
			defaultConfigurationIsVisible = 0;
			defaultConfigurationName = Release;
		};
		41F173D02A925F5E00AA64CE /* Build configuration list for PBXNativeTarget "Discovery" */ = {
			isa = XCConfigurationList;
			buildConfigurations = (
				41F173D12A925F5E00AA64CE /* Debug */,
				41F173D22A925F5E00AA64CE /* Release */,
			);
			defaultConfigurationIsVisible = 0;
			defaultConfigurationName = Release;
		};
		41F173D32A925F5E00AA64CE /* Build configuration list for PBXNativeTarget "DiscoveryTests" */ = {
			isa = XCConfigurationList;
			buildConfigurations = (
				41F173D42A925F5E00AA64CE /* Debug */,
				41F173D52A925F5E00AA64CE /* Release */,
			);
			defaultConfigurationIsVisible = 0;
			defaultConfigurationName = Release;
		};
		41F173D62A925F5E00AA64CE /* Build configuration list for PBXNativeTarget "DiscoveryUITests" */ = {
			isa = XCConfigurationList;
			buildConfigurations = (
				41F173D72A925F5E00AA64CE /* Debug */,
				41F173D82A925F5E00AA64CE /* Release */,
			);
			defaultConfigurationIsVisible = 0;
			defaultConfigurationName = Release;
		};
/* End XCConfigurationList section */
	};
	rootObject = 41F173A32A925F5B00AA64CE /* Project object */;
}
